
Microsoft Visual Studio Solution File, Format Version 12.00
# Visual Studio Version 16
VisualStudioVersion = 16.0.29728.190
MinimumVisualStudioVersion = 10.0.40219.1
Project("{9A19103F-16F7-4668-BE54-9A1E7A4F7556}") = "CalcLib", "CalcLib\CalcLib.csproj", "{7C973343-FD32-4964-82A3-BC03D7722445}"
EndProject
Project("{9A19103F-16F7-4668-BE54-9A1E7A4F7556}") = "CalcTest", "CalcTest\CalcTest.csproj", "{04407D23-E117-43CD-B419-29B99921B7EC}"
EndProject
Project("{FAE04EC0-301F-11D3-BF4B-00C04F79EFBC}") = "Calculator.WinForms", "Calculator.WinForms\Calculator.WinForms.csproj", "{BECF3129-5433-45D0-B580-73B3C7CF5775}"
EndProject
Global
	GlobalSection(SolutionConfigurationPlatforms) = preSolution
		Debug|Any CPU = Debug|Any CPU
		Release|Any CPU = Release|Any CPU
	EndGlobalSection
	GlobalSection(ProjectConfigurationPlatforms) = postSolution
		{7C973343-FD32-4964-82A3-BC03D7722445}.Debug|Any CPU.ActiveCfg = Debug|Any CPU
		{7C973343-FD32-4964-82A3-BC03D7722445}.Debug|Any CPU.Build.0 = Debug|Any CPU
		{7C973343-FD32-4964-82A3-BC03D7722445}.Release|Any CPU.ActiveCfg = Release|Any CPU
		{7C973343-FD32-4964-82A3-BC03D7722445}.Release|Any CPU.Build.0 = Release|Any CPU
		{04407D23-E117-43CD-B419-29B99921B7EC}.Debug|Any CPU.ActiveCfg = Debug|Any CPU
		{04407D23-E117-43CD-B419-29B99921B7EC}.Debug|Any CPU.Build.0 = Debug|Any CPU
		{04407D23-E117-43CD-B419-29B99921B7EC}.Release|Any CPU.ActiveCfg = Release|Any CPU
		{04407D23-E117-43CD-B419-29B99921B7EC}.Release|Any CPU.Build.0 = Release|Any CPU
		{BECF3129-5433-45D0-B580-73B3C7CF5775}.Debug|Any CPU.ActiveCfg = Debug|Any CPU
		{BECF3129-5433-45D0-B580-73B3C7CF5775}.Debug|Any CPU.Build.0 = Debug|Any CPU
		{BECF3129-5433-45D0-B580-73B3C7CF5775}.Release|Any CPU.ActiveCfg = Release|Any CPU
		{BECF3129-5433-45D0-B580-73B3C7CF5775}.Release|Any CPU.Build.0 = Release|Any CPU
	EndGlobalSection
	GlobalSection(SolutionProperties) = preSolution
		HideSolutionNode = FALSE
	EndGlobalSection
	GlobalSection(ExtensibilityGlobals) = postSolution
		SolutionGuid = {9E013762-46A2-44FD-91BF-E730ADFF98DA}
	EndGlobalSection
EndGlobal
